// !$*UTF8*$!
{
	archiveVersion = 1;
	classes = {
	};
	objectVersion = 56;
	objects = {

/* Begin PBXBuildFile section */
		B116422C2C188ADA00190599 /* ChatViewModel.swift in Sources */ = {isa = PBXBuildFile; fileRef = B116422B2C188ADA00190599 /* ChatViewModel.swift */; };
		B116422E2C188B2D00190599 /* ChatView.swift in Sources */ = {isa = PBXBuildFile; fileRef = B116422D2C188B2D00190599 /* ChatView.swift */; };
		B11642312C19336000190599 /* CountryView.swift in Sources */ = {isa = PBXBuildFile; fileRef = B11642302C19336000190599 /* CountryView.swift */; };
		B11642332C19383B00190599 /* SearchCountryList.swift in Sources */ = {isa = PBXBuildFile; fileRef = B11642322C19383B00190599 /* SearchCountryList.swift */; };
		B11642352C1BDBB200190599 /* UserListView.swift in Sources */ = {isa = PBXBuildFile; fileRef = B11642342C1BDBB100190599 /* UserListView.swift */; };
		B11642372C1C357700190599 /* UserFetch.swift in Sources */ = {isa = PBXBuildFile; fileRef = B11642362C1C357700190599 /* UserFetch.swift */; };
		B116423A2C1C35E600190599 /* UserProfile.swift in Sources */ = {isa = PBXBuildFile; fileRef = B11642392C1C35E600190599 /* UserProfile.swift */; };
		B116BC642C1C43730061F8EE /* ChatCreate.swift in Sources */ = {isa = PBXBuildFile; fileRef = B116BC632C1C43730061F8EE /* ChatCreate.swift */; };
		B123583A2C43E7DF00F087AC /* TravelPlanView.swift in Sources */ = {isa = PBXBuildFile; fileRef = B12358392C43E7DF00F087AC /* TravelPlanView.swift */; };
		B123583C2C440A4800F087AC /* TravelViewModel.swift in Sources */ = {isa = PBXBuildFile; fileRef = B123583B2C440A4800F087AC /* TravelViewModel.swift */; };
		B123583E2C45673600F087AC /* TravelActivityView.swift in Sources */ = {isa = PBXBuildFile; fileRef = B123583D2C45673600F087AC /* TravelActivityView.swift */; };
		B12E29562C29AF67005E2BA8 /* FollowRquestModel.swift in Sources */ = {isa = PBXBuildFile; fileRef = B12E29552C29AF67005E2BA8 /* FollowRquestModel.swift */; };
		B13AF7652C2A9A44002CAEB3 /* CurrentUserProfile.swift in Sources */ = {isa = PBXBuildFile; fileRef = B13AF7642C2A9A44002CAEB3 /* CurrentUserProfile.swift */; };
		B13AF7672C2D0A91002CAEB3 /* UserProfile2.swift in Sources */ = {isa = PBXBuildFile; fileRef = B13AF7662C2D0A91002CAEB3 /* UserProfile2.swift */; };
		B13AF7692C2D0AAD002CAEB3 /* UserProfileModel.swift in Sources */ = {isa = PBXBuildFile; fileRef = B13AF7682C2D0AAD002CAEB3 /* UserProfileModel.swift */; };
		B13AF76C2C2D0F53002CAEB3 /* UserMapView.swift in Sources */ = {isa = PBXBuildFile; fileRef = B13AF76B2C2D0F53002CAEB3 /* UserMapView.swift */; };
		B13AF76E2C343D60002CAEB3 /* NationScreenModel.swift in Sources */ = {isa = PBXBuildFile; fileRef = B13AF76D2C343D60002CAEB3 /* NationScreenModel.swift */; };
		B13BBAB62C70FFD600EAB85C /* ColorAsset.xcassets in Resources */ = {isa = PBXBuildFile; fileRef = B13BBAB52C70FFD600EAB85C /* ColorAsset.xcassets */; };
		B13BBAB82C71B25D00EAB85C /* PlanEditView.swift in Sources */ = {isa = PBXBuildFile; fileRef = B13BBAB72C71B25D00EAB85C /* PlanEditView.swift */; };
		B13BBABB2C72F17100EAB85C /* MyAppCheckProviderFactory.swift in Sources */ = {isa = PBXBuildFile; fileRef = B13BBABA2C72F17100EAB85C /* MyAppCheckProviderFactory.swift */; };
		B15660242C10AAC100EC1A4A /* Projissen_lastApp.swift in Sources */ = {isa = PBXBuildFile; fileRef = B15660232C10AAC100EC1A4A /* Projissen_lastApp.swift */; };
		B15660282C10AAC800EC1A4A /* Assets.xcassets in Resources */ = {isa = PBXBuildFile; fileRef = B15660272C10AAC800EC1A4A /* Assets.xcassets */; };
		B156602B2C10AAC800EC1A4A /* Preview Assets.xcassets in Resources */ = {isa = PBXBuildFile; fileRef = B156602A2C10AAC800EC1A4A /* Preview Assets.xcassets */; };
		B15660322C10B07E00EC1A4A /* HomeScreen.swift in Sources */ = {isa = PBXBuildFile; fileRef = B15660312C10B07E00EC1A4A /* HomeScreen.swift */; };
		B15660342C1156A000EC1A4A /* NationScreen.swift in Sources */ = {isa = PBXBuildFile; fileRef = B15660332C11569F00EC1A4A /* NationScreen.swift */; };
		B15660362C15FF8A00EC1A4A /* HomeTabScreen.swift in Sources */ = {isa = PBXBuildFile; fileRef = B15660352C15FF8A00EC1A4A /* HomeTabScreen.swift */; };
		B15660392C1608DE00EC1A4A /* FirebaseAnalytics in Frameworks */ = {isa = PBXBuildFile; productRef = B15660382C1608DE00EC1A4A /* FirebaseAnalytics */; };
		B156603B2C1608DE00EC1A4A /* FirebaseAnalyticsOnDeviceConversion in Frameworks */ = {isa = PBXBuildFile; productRef = B156603A2C1608DE00EC1A4A /* FirebaseAnalyticsOnDeviceConversion */; };
		B156603D2C1608DE00EC1A4A /* FirebaseAnalyticsSwift in Frameworks */ = {isa = PBXBuildFile; productRef = B156603C2C1608DE00EC1A4A /* FirebaseAnalyticsSwift */; };
		B156603F2C1608DE00EC1A4A /* FirebaseAnalyticsWithoutAdIdSupport in Frameworks */ = {isa = PBXBuildFile; productRef = B156603E2C1608DE00EC1A4A /* FirebaseAnalyticsWithoutAdIdSupport */; };
		B15660412C1608DE00EC1A4A /* FirebaseAppCheck in Frameworks */ = {isa = PBXBuildFile; productRef = B15660402C1608DE00EC1A4A /* FirebaseAppCheck */; };
		B15660432C1608DE00EC1A4A /* FirebaseAppDistribution-Beta in Frameworks */ = {isa = PBXBuildFile; productRef = B15660422C1608DE00EC1A4A /* FirebaseAppDistribution-Beta */; };
		B15660452C1608DE00EC1A4A /* FirebaseAuth in Frameworks */ = {isa = PBXBuildFile; productRef = B15660442C1608DE00EC1A4A /* FirebaseAuth */; };
		B15660472C1608DE00EC1A4A /* FirebaseAuthCombine-Community in Frameworks */ = {isa = PBXBuildFile; productRef = B15660462C1608DE00EC1A4A /* FirebaseAuthCombine-Community */; };
		B15660492C1608DE00EC1A4A /* FirebaseCrashlytics in Frameworks */ = {isa = PBXBuildFile; productRef = B15660482C1608DE00EC1A4A /* FirebaseCrashlytics */; };
		B156604B2C1608DE00EC1A4A /* FirebaseDatabase in Frameworks */ = {isa = PBXBuildFile; productRef = B156604A2C1608DE00EC1A4A /* FirebaseDatabase */; };
		B156604D2C1608DE00EC1A4A /* FirebaseDatabaseSwift in Frameworks */ = {isa = PBXBuildFile; productRef = B156604C2C1608DE00EC1A4A /* FirebaseDatabaseSwift */; };
		B156604F2C1608DE00EC1A4A /* FirebaseDynamicLinks in Frameworks */ = {isa = PBXBuildFile; productRef = B156604E2C1608DE00EC1A4A /* FirebaseDynamicLinks */; };
		B15660512C1608DE00EC1A4A /* FirebaseFirestore in Frameworks */ = {isa = PBXBuildFile; productRef = B15660502C1608DE00EC1A4A /* FirebaseFirestore */; };
		B15660532C1608DE00EC1A4A /* FirebaseFirestoreCombine-Community in Frameworks */ = {isa = PBXBuildFile; productRef = B15660522C1608DE00EC1A4A /* FirebaseFirestoreCombine-Community */; };
		B15660552C1608DE00EC1A4A /* FirebaseFirestoreSwift in Frameworks */ = {isa = PBXBuildFile; productRef = B15660542C1608DE00EC1A4A /* FirebaseFirestoreSwift */; };
		B15660572C1608DE00EC1A4A /* FirebaseFunctions in Frameworks */ = {isa = PBXBuildFile; productRef = B15660562C1608DE00EC1A4A /* FirebaseFunctions */; };
		B15660592C1608DE00EC1A4A /* FirebaseFunctionsCombine-Community in Frameworks */ = {isa = PBXBuildFile; productRef = B15660582C1608DE00EC1A4A /* FirebaseFunctionsCombine-Community */; };
		B156605B2C1608DE00EC1A4A /* FirebaseInAppMessaging-Beta in Frameworks */ = {isa = PBXBuildFile; productRef = B156605A2C1608DE00EC1A4A /* FirebaseInAppMessaging-Beta */; };
		B156605D2C1608DE00EC1A4A /* FirebaseInAppMessagingSwift-Beta in Frameworks */ = {isa = PBXBuildFile; productRef = B156605C2C1608DE00EC1A4A /* FirebaseInAppMessagingSwift-Beta */; };
		B156605F2C1608DE00EC1A4A /* FirebaseInstallations in Frameworks */ = {isa = PBXBuildFile; productRef = B156605E2C1608DE00EC1A4A /* FirebaseInstallations */; };
		B15660612C1608DE00EC1A4A /* FirebaseMLModelDownloader in Frameworks */ = {isa = PBXBuildFile; productRef = B15660602C1608DE00EC1A4A /* FirebaseMLModelDownloader */; };
		B15660632C1608DE00EC1A4A /* FirebaseMessaging in Frameworks */ = {isa = PBXBuildFile; productRef = B15660622C1608DE00EC1A4A /* FirebaseMessaging */; };
		B15660652C1608DE00EC1A4A /* FirebasePerformance in Frameworks */ = {isa = PBXBuildFile; productRef = B15660642C1608DE00EC1A4A /* FirebasePerformance */; };
		B15660672C1608DE00EC1A4A /* FirebaseRemoteConfig in Frameworks */ = {isa = PBXBuildFile; productRef = B15660662C1608DE00EC1A4A /* FirebaseRemoteConfig */; };
		B15660692C1608DE00EC1A4A /* FirebaseRemoteConfigSwift in Frameworks */ = {isa = PBXBuildFile; productRef = B15660682C1608DE00EC1A4A /* FirebaseRemoteConfigSwift */; };
		B156606B2C1608DE00EC1A4A /* FirebaseStorage in Frameworks */ = {isa = PBXBuildFile; productRef = B156606A2C1608DE00EC1A4A /* FirebaseStorage */; };
		B156606D2C1608DE00EC1A4A /* FirebaseStorageCombine-Community in Frameworks */ = {isa = PBXBuildFile; productRef = B156606C2C1608DE00EC1A4A /* FirebaseStorageCombine-Community */; };
		B156606F2C1608DE00EC1A4A /* FirebaseVertexAI-Preview in Frameworks */ = {isa = PBXBuildFile; productRef = B156606E2C1608DE00EC1A4A /* FirebaseVertexAI-Preview */; };
		B15660712C160A9000EC1A4A /* GoogleService-Info.plist in Resources */ = {isa = PBXBuildFile; fileRef = B15660702C160A9000EC1A4A /* GoogleService-Info.plist */; };
		B15660792C17EE8500EC1A4A /* AuthenScreen.swift in Sources */ = {isa = PBXBuildFile; fileRef = B15660782C17EE8500EC1A4A /* AuthenScreen.swift */; };
		B156607B2C17F35F00EC1A4A /* AuthViewModel.swift in Sources */ = {isa = PBXBuildFile; fileRef = B156607A2C17F35F00EC1A4A /* AuthViewModel.swift */; };
/* End PBXBuildFile section */

/* Begin PBXFileReference section */
		B116422B2C188ADA00190599 /* ChatViewModel.swift */ = {isa = PBXFileReference; lastKnownFileType = sourcecode.swift; path = ChatViewModel.swift; sourceTree = "<group>"; };
		B116422D2C188B2D00190599 /* ChatView.swift */ = {isa = PBXFileReference; lastKnownFileType = sourcecode.swift; path = ChatView.swift; sourceTree = "<group>"; };
		B11642302C19336000190599 /* CountryView.swift */ = {isa = PBXFileReference; lastKnownFileType = sourcecode.swift; path = CountryView.swift; sourceTree = "<group>"; };
		B11642322C19383B00190599 /* SearchCountryList.swift */ = {isa = PBXFileReference; lastKnownFileType = sourcecode.swift; path = SearchCountryList.swift; sourceTree = "<group>"; };
		B11642342C1BDBB100190599 /* UserListView.swift */ = {isa = PBXFileReference; lastKnownFileType = sourcecode.swift; path = UserListView.swift; sourceTree = "<group>"; };
		B11642362C1C357700190599 /* UserFetch.swift */ = {isa = PBXFileReference; lastKnownFileType = sourcecode.swift; path = UserFetch.swift; sourceTree = "<group>"; };
		B11642392C1C35E600190599 /* UserProfile.swift */ = {isa = PBXFileReference; lastKnownFileType = sourcecode.swift; path = UserProfile.swift; sourceTree = "<group>"; };
		B116BC632C1C43730061F8EE /* ChatCreate.swift */ = {isa = PBXFileReference; lastKnownFileType = sourcecode.swift; path = ChatCreate.swift; sourceTree = "<group>"; };
		B12358392C43E7DF00F087AC /* TravelPlanView.swift */ = {isa = PBXFileReference; lastKnownFileType = sourcecode.swift; path = TravelPlanView.swift; sourceTree = "<group>"; };
		B123583B2C440A4800F087AC /* TravelViewModel.swift */ = {isa = PBXFileReference; lastKnownFileType = sourcecode.swift; path = TravelViewModel.swift; sourceTree = "<group>"; };
		B123583D2C45673600F087AC /* TravelActivityView.swift */ = {isa = PBXFileReference; lastKnownFileType = sourcecode.swift; path = TravelActivityView.swift; sourceTree = "<group>"; };
		B12E29552C29AF67005E2BA8 /* FollowRquestModel.swift */ = {isa = PBXFileReference; lastKnownFileType = sourcecode.swift; path = FollowRquestModel.swift; sourceTree = "<group>"; };
		B13AF7642C2A9A44002CAEB3 /* CurrentUserProfile.swift */ = {isa = PBXFileReference; lastKnownFileType = sourcecode.swift; path = CurrentUserProfile.swift; sourceTree = "<group>"; };
		B13AF7662C2D0A91002CAEB3 /* UserProfile2.swift */ = {isa = PBXFileReference; lastKnownFileType = sourcecode.swift; path = UserProfile2.swift; sourceTree = "<group>"; };
		B13AF7682C2D0AAD002CAEB3 /* UserProfileModel.swift */ = {isa = PBXFileReference; lastKnownFileType = sourcecode.swift; path = UserProfileModel.swift; sourceTree = "<group>"; };
		B13AF76B2C2D0F53002CAEB3 /* UserMapView.swift */ = {isa = PBXFileReference; lastKnownFileType = sourcecode.swift; path = UserMapView.swift; sourceTree = "<group>"; };
		B13AF76D2C343D60002CAEB3 /* NationScreenModel.swift */ = {isa = PBXFileReference; lastKnownFileType = sourcecode.swift; path = NationScreenModel.swift; sourceTree = "<group>"; };
		B13BBAB52C70FFD600EAB85C /* ColorAsset.xcassets */ = {isa = PBXFileReference; lastKnownFileType = folder.assetcatalog; path = ColorAsset.xcassets; sourceTree = "<group>"; };
		B13BBAB72C71B25D00EAB85C /* PlanEditView.swift */ = {isa = PBXFileReference; lastKnownFileType = sourcecode.swift; path = PlanEditView.swift; sourceTree = "<group>"; };
		B13BBAB92C72EF3800EAB85C /* Projissen_lastDebug.entitlements */ = {isa = PBXFileReference; lastKnownFileType = text.plist.entitlements; path = Projissen_lastDebug.entitlements; sourceTree = "<group>"; };
		B13BBABA2C72F17100EAB85C /* MyAppCheckProviderFactory.swift */ = {isa = PBXFileReference; lastKnownFileType = sourcecode.swift; path = MyAppCheckProviderFactory.swift; sourceTree = "<group>"; };
		B15660202C10AAC100EC1A4A /* Projissen_last.app */ = {isa = PBXFileReference; explicitFileType = wrapper.application; includeInIndex = 0; path = Projissen_last.app; sourceTree = BUILT_PRODUCTS_DIR; };
		B15660232C10AAC100EC1A4A /* Projissen_lastApp.swift */ = {isa = PBXFileReference; lastKnownFileType = sourcecode.swift; path = Projissen_lastApp.swift; sourceTree = "<group>"; };
		B15660272C10AAC800EC1A4A /* Assets.xcassets */ = {isa = PBXFileReference; lastKnownFileType = folder.assetcatalog; path = Assets.xcassets; sourceTree = "<group>"; };
		B156602A2C10AAC800EC1A4A /* Preview Assets.xcassets */ = {isa = PBXFileReference; lastKnownFileType = folder.assetcatalog; path = "Preview Assets.xcassets"; sourceTree = "<group>"; };
		B15660312C10B07E00EC1A4A /* HomeScreen.swift */ = {isa = PBXFileReference; lastKnownFileType = sourcecode.swift; path = HomeScreen.swift; sourceTree = "<group>"; };
		B15660332C11569F00EC1A4A /* NationScreen.swift */ = {isa = PBXFileReference; lastKnownFileType = sourcecode.swift; path = NationScreen.swift; sourceTree = "<group>"; };
		B15660352C15FF8A00EC1A4A /* HomeTabScreen.swift */ = {isa = PBXFileReference; lastKnownFileType = sourcecode.swift; path = HomeTabScreen.swift; sourceTree = "<group>"; };
		B15660702C160A9000EC1A4A /* GoogleService-Info.plist */ = {isa = PBXFileReference; fileEncoding = 4; lastKnownFileType = text.plist.xml; path = "GoogleService-Info.plist"; sourceTree = "<group>"; };
		B15660782C17EE8500EC1A4A /* AuthenScreen.swift */ = {isa = PBXFileReference; lastKnownFileType = sourcecode.swift; path = AuthenScreen.swift; sourceTree = "<group>"; };
		B156607A2C17F35F00EC1A4A /* AuthViewModel.swift */ = {isa = PBXFileReference; lastKnownFileType = sourcecode.swift; path = AuthViewModel.swift; sourceTree = "<group>"; };
/* End PBXFileReference section */

/* Begin PBXFrameworksBuildPhase section */
		B156601D2C10AAC100EC1A4A /* Frameworks */ = {
			isa = PBXFrameworksBuildPhase;
			buildActionMask = 2147483647;
			files = (
				B156604B2C1608DE00EC1A4A /* FirebaseDatabase in Frameworks */,
				B15660592C1608DE00EC1A4A /* FirebaseFunctionsCombine-Community in Frameworks */,
				B15660512C1608DE00EC1A4A /* FirebaseFirestore in Frameworks */,
				B156603D2C1608DE00EC1A4A /* FirebaseAnalyticsSwift in Frameworks */,
				B15660392C1608DE00EC1A4A /* FirebaseAnalytics in Frameworks */,
				B156603B2C1608DE00EC1A4A /* FirebaseAnalyticsOnDeviceConversion in Frameworks */,
				B15660612C1608DE00EC1A4A /* FirebaseMLModelDownloader in Frameworks */,
				B15660552C1608DE00EC1A4A /* FirebaseFirestoreSwift in Frameworks */,
				B15660412C1608DE00EC1A4A /* FirebaseAppCheck in Frameworks */,
				B156603F2C1608DE00EC1A4A /* FirebaseAnalyticsWithoutAdIdSupport in Frameworks */,
				B15660452C1608DE00EC1A4A /* FirebaseAuth in Frameworks */,
				B15660492C1608DE00EC1A4A /* FirebaseCrashlytics in Frameworks */,
				B15660692C1608DE00EC1A4A /* FirebaseRemoteConfigSwift in Frameworks */,
				B156605B2C1608DE00EC1A4A /* FirebaseInAppMessaging-Beta in Frameworks */,
				B156604D2C1608DE00EC1A4A /* FirebaseDatabaseSwift in Frameworks */,
				B15660572C1608DE00EC1A4A /* FirebaseFunctions in Frameworks */,
				B156606D2C1608DE00EC1A4A /* FirebaseStorageCombine-Community in Frameworks */,
				B15660672C1608DE00EC1A4A /* FirebaseRemoteConfig in Frameworks */,
				B15660432C1608DE00EC1A4A /* FirebaseAppDistribution-Beta in Frameworks */,
				B15660472C1608DE00EC1A4A /* FirebaseAuthCombine-Community in Frameworks */,
				B15660652C1608DE00EC1A4A /* FirebasePerformance in Frameworks */,
				B156605D2C1608DE00EC1A4A /* FirebaseInAppMessagingSwift-Beta in Frameworks */,
				B156606B2C1608DE00EC1A4A /* FirebaseStorage in Frameworks */,
				B156604F2C1608DE00EC1A4A /* FirebaseDynamicLinks in Frameworks */,
				B156606F2C1608DE00EC1A4A /* FirebaseVertexAI-Preview in Frameworks */,
				B15660532C1608DE00EC1A4A /* FirebaseFirestoreCombine-Community in Frameworks */,
				B15660632C1608DE00EC1A4A /* FirebaseMessaging in Frameworks */,
				B156605F2C1608DE00EC1A4A /* FirebaseInstallations in Frameworks */,
			);
			runOnlyForDeploymentPostprocessing = 0;
		};
/* End PBXFrameworksBuildPhase section */

/* Begin PBXGroup section */
		B11642282C188A2100190599 /* Authentication */ = {
			isa = PBXGroup;
			children = (
				B15660782C17EE8500EC1A4A /* AuthenScreen.swift */,
				B156607A2C17F35F00EC1A4A /* AuthViewModel.swift */,
			);
			path = Authentication;
			sourceTree = "<group>";
		};
		B11642292C188A9700190599 /* Home */ = {
			isa = PBXGroup;
			children = (
				B15660312C10B07E00EC1A4A /* HomeScreen.swift */,
				B15660352C15FF8A00EC1A4A /* HomeTabScreen.swift */,
			);
			path = Home;
			sourceTree = "<group>";
		};
		B116422A2C188AB800190599 /* Chat */ = {
			isa = PBXGroup;
			children = (
				B116422B2C188ADA00190599 /* ChatViewModel.swift */,
				B116422D2C188B2D00190599 /* ChatView.swift */,
				B116BC632C1C43730061F8EE /* ChatCreate.swift */,
			);
			path = Chat;
			sourceTree = "<group>";
		};
		B116422F2C19333900190599 /* Search */ = {
			isa = PBXGroup;
			children = (
				B11642302C19336000190599 /* CountryView.swift */,
				B15660332C11569F00EC1A4A /* NationScreen.swift */,
				B11642322C19383B00190599 /* SearchCountryList.swift */,
				B13AF76D2C343D60002CAEB3 /* NationScreenModel.swift */,
			);
			path = Search;
			sourceTree = "<group>";
		};
		B11642382C1C35CE00190599 /* User */ = {
			isa = PBXGroup;
			children = (
				B11642362C1C357700190599 /* UserFetch.swift */,
				B11642342C1BDBB100190599 /* UserListView.swift */,
				B13AF7642C2A9A44002CAEB3 /* CurrentUserProfile.swift */,
				B13AF7662C2D0A91002CAEB3 /* UserProfile2.swift */,
				B12E29552C29AF67005E2BA8 /* FollowRquestModel.swift */,
				B13AF7682C2D0AAD002CAEB3 /* UserProfileModel.swift */,
				B13AF76B2C2D0F53002CAEB3 /* UserMapView.swift */,
			);
			path = User;
			sourceTree = "<group>";
		};
		B12358382C43E7B500F087AC /* TravelPlan */ = {
			isa = PBXGroup;
			children = (
				B12358392C43E7DF00F087AC /* TravelPlanView.swift */,
				B123583B2C440A4800F087AC /* TravelViewModel.swift */,
				B123583D2C45673600F087AC /* TravelActivityView.swift */,
				B13BBAB72C71B25D00EAB85C /* PlanEditView.swift */,
			);
			path = TravelPlan;
			sourceTree = "<group>";
		};
		B13AF76A2C2D0C58002CAEB3 /* Non use */ = {
			isa = PBXGroup;
			children = (
				B11642392C1C35E600190599 /* UserProfile.swift */,
			);
			path = "Non use";
			sourceTree = "<group>";
		};
		B15660172C10AAC100EC1A4A = {
			isa = PBXGroup;
			children = (
				B15660222C10AAC100EC1A4A /* Projissen_last */,
				B15660212C10AAC100EC1A4A /* Products */,
			);
			sourceTree = "<group>";
		};
		B15660212C10AAC100EC1A4A /* Products */ = {
			isa = PBXGroup;
			children = (
				B15660202C10AAC100EC1A4A /* Projissen_last.app */,
			);
			name = Products;
			sourceTree = "<group>";
		};
		B15660222C10AAC100EC1A4A /* Projissen_last */ = {
			isa = PBXGroup;
			children = (
				B13BBAB92C72EF3800EAB85C /* Projissen_lastDebug.entitlements */,
				B15660232C10AAC100EC1A4A /* Projissen_lastApp.swift */,
				B13BBAB52C70FFD600EAB85C /* ColorAsset.xcassets */,
				B15660272C10AAC800EC1A4A /* Assets.xcassets */,
				B15660702C160A9000EC1A4A /* GoogleService-Info.plist */,
				B15660292C10AAC800EC1A4A /* Preview Content */,
				B13BBABA2C72F17100EAB85C /* MyAppCheckProviderFactory.swift */,
			);
			path = Projissen_last;
			sourceTree = "<group>";
		};
		B15660292C10AAC800EC1A4A /* Preview Content */ = {
			isa = PBXGroup;
			children = (
				B12358382C43E7B500F087AC /* TravelPlan */,
				B13AF76A2C2D0C58002CAEB3 /* Non use */,
				B11642382C1C35CE00190599 /* User */,
				B116422F2C19333900190599 /* Search */,
				B116422A2C188AB800190599 /* Chat */,
				B11642292C188A9700190599 /* Home */,
				B11642282C188A2100190599 /* Authentication */,
				B156602A2C10AAC800EC1A4A /* Preview Assets.xcassets */,
			);
			path = "Preview Content";
			sourceTree = "<group>";
		};
/* End PBXGroup section */

/* Begin PBXNativeTarget section */
		B156601F2C10AAC100EC1A4A /* Projissen_last */ = {
			isa = PBXNativeTarget;
			buildConfigurationList = B156602E2C10AAC800EC1A4A /* Build configuration list for PBXNativeTarget "Projissen_last" */;
			buildPhases = (
				B156601C2C10AAC100EC1A4A /* Sources */,
				B156601D2C10AAC100EC1A4A /* Frameworks */,
				B156601E2C10AAC100EC1A4A /* Resources */,
			);
			buildRules = (
			);
			dependencies = (
			);
			name = Projissen_last;
			packageProductDependencies = (
				B15660382C1608DE00EC1A4A /* FirebaseAnalytics */,
				B156603A2C1608DE00EC1A4A /* FirebaseAnalyticsOnDeviceConversion */,
				B156603C2C1608DE00EC1A4A /* FirebaseAnalyticsSwift */,
				B156603E2C1608DE00EC1A4A /* FirebaseAnalyticsWithoutAdIdSupport */,
				B15660402C1608DE00EC1A4A /* FirebaseAppCheck */,
				B15660422C1608DE00EC1A4A /* FirebaseAppDistribution-Beta */,
				B15660442C1608DE00EC1A4A /* FirebaseAuth */,
				B15660462C1608DE00EC1A4A /* FirebaseAuthCombine-Community */,
				B15660482C1608DE00EC1A4A /* FirebaseCrashlytics */,
				B156604A2C1608DE00EC1A4A /* FirebaseDatabase */,
				B156604C2C1608DE00EC1A4A /* FirebaseDatabaseSwift */,
				B156604E2C1608DE00EC1A4A /* FirebaseDynamicLinks */,
				B15660502C1608DE00EC1A4A /* FirebaseFirestore */,
				B15660522C1608DE00EC1A4A /* FirebaseFirestoreCombine-Community */,
				B15660542C1608DE00EC1A4A /* FirebaseFirestoreSwift */,
				B15660562C1608DE00EC1A4A /* FirebaseFunctions */,
				B15660582C1608DE00EC1A4A /* FirebaseFunctionsCombine-Community */,
				B156605A2C1608DE00EC1A4A /* FirebaseInAppMessaging-Beta */,
				B156605C2C1608DE00EC1A4A /* FirebaseInAppMessagingSwift-Beta */,
				B156605E2C1608DE00EC1A4A /* FirebaseInstallations */,
				B15660602C1608DE00EC1A4A /* FirebaseMLModelDownloader */,
				B15660622C1608DE00EC1A4A /* FirebaseMessaging */,
				B15660642C1608DE00EC1A4A /* FirebasePerformance */,
				B15660662C1608DE00EC1A4A /* FirebaseRemoteConfig */,
				B15660682C1608DE00EC1A4A /* FirebaseRemoteConfigSwift */,
				B156606A2C1608DE00EC1A4A /* FirebaseStorage */,
				B156606C2C1608DE00EC1A4A /* FirebaseStorageCombine-Community */,
				B156606E2C1608DE00EC1A4A /* FirebaseVertexAI-Preview */,
			);
			productName = Projissen_last;
			productReference = B15660202C10AAC100EC1A4A /* Projissen_last.app */;
			productType = "com.apple.product-type.application";
		};
/* End PBXNativeTarget section */

/* Begin PBXProject section */
		B15660182C10AAC100EC1A4A /* Project object */ = {
			isa = PBXProject;
			attributes = {
				BuildIndependentTargetsInParallel = 1;
				LastSwiftUpdateCheck = 1540;
				LastUpgradeCheck = 1540;
				TargetAttributes = {
					B156601F2C10AAC100EC1A4A = {
						CreatedOnToolsVersion = 15.4;
					};
				};
			};
			buildConfigurationList = B156601B2C10AAC100EC1A4A /* Build configuration list for PBXProject "TraveLink" */;
			compatibilityVersion = "Xcode 14.0";
			developmentRegion = en;
			hasScannedForEncodings = 0;
			knownRegions = (
				en,
				Base,
			);
			mainGroup = B15660172C10AAC100EC1A4A;
			packageReferences = (
				B15660372C1608DD00EC1A4A /* XCRemoteSwiftPackageReference "firebase-ios-sdk" */,
			);
			productRefGroup = B15660212C10AAC100EC1A4A /* Products */;
			projectDirPath = "";
			projectRoot = "";
			targets = (
				B156601F2C10AAC100EC1A4A /* Projissen_last */,
			);
		};
/* End PBXProject section */

/* Begin PBXResourcesBuildPhase section */
		B156601E2C10AAC100EC1A4A /* Resources */ = {
			isa = PBXResourcesBuildPhase;
			buildActionMask = 2147483647;
			files = (
				B156602B2C10AAC800EC1A4A /* Preview Assets.xcassets in Resources */,
				B15660282C10AAC800EC1A4A /* Assets.xcassets in Resources */,
				B13BBAB62C70FFD600EAB85C /* ColorAsset.xcassets in Resources */,
				B15660712C160A9000EC1A4A /* GoogleService-Info.plist in Resources */,
			);
			runOnlyForDeploymentPostprocessing = 0;
		};
/* End PBXResourcesBuildPhase section */

/* Begin PBXSourcesBuildPhase section */
		B156601C2C10AAC100EC1A4A /* Sources */ = {
			isa = PBXSourcesBuildPhase;
			buildActionMask = 2147483647;
			files = (
				B123583C2C440A4800F087AC /* TravelViewModel.swift in Sources */,
				B11642332C19383B00190599 /* SearchCountryList.swift in Sources */,
				B15660362C15FF8A00EC1A4A /* HomeTabScreen.swift in Sources */,
				B13AF7672C2D0A91002CAEB3 /* UserProfile2.swift in Sources */,
				B13BBABB2C72F17100EAB85C /* MyAppCheckProviderFactory.swift in Sources */,
				B13AF7692C2D0AAD002CAEB3 /* UserProfileModel.swift in Sources */,
				B116422C2C188ADA00190599 /* ChatViewModel.swift in Sources */,
				B15660792C17EE8500EC1A4A /* AuthenScreen.swift in Sources */,
				B13AF76C2C2D0F53002CAEB3 /* UserMapView.swift in Sources */,
				B156607B2C17F35F00EC1A4A /* AuthViewModel.swift in Sources */,
				B13BBAB82C71B25D00EAB85C /* PlanEditView.swift in Sources */,
				B116422E2C188B2D00190599 /* ChatView.swift in Sources */,
				B13AF7652C2A9A44002CAEB3 /* CurrentUserProfile.swift in Sources */,
				B11642312C19336000190599 /* CountryView.swift in Sources */,
				B123583A2C43E7DF00F087AC /* TravelPlanView.swift in Sources */,
				B15660242C10AAC100EC1A4A /* Projissen_lastApp.swift in Sources */,
				B123583E2C45673600F087AC /* TravelActivityView.swift in Sources */,
				B15660342C1156A000EC1A4A /* NationScreen.swift in Sources */,
				B116BC642C1C43730061F8EE /* ChatCreate.swift in Sources */,
				B15660322C10B07E00EC1A4A /* HomeScreen.swift in Sources */,
				B11642352C1BDBB200190599 /* UserListView.swift in Sources */,
				B11642372C1C357700190599 /* UserFetch.swift in Sources */,
				B13AF76E2C343D60002CAEB3 /* NationScreenModel.swift in Sources */,
				B12E29562C29AF67005E2BA8 /* FollowRquestModel.swift in Sources */,
				B116423A2C1C35E600190599 /* UserProfile.swift in Sources */,
			);
			runOnlyForDeploymentPostprocessing = 0;
		};
/* End PBXSourcesBuildPhase section */

/* Begin XCBuildConfiguration section */
		B156602C2C10AAC800EC1A4A /* Debug */ = {
			isa = XCBuildConfiguration;
			buildSettings = {
				ALWAYS_SEARCH_USER_PATHS = NO;
				ASSETCATALOG_COMPILER_GENERATE_SWIFT_ASSET_SYMBOL_EXTENSIONS = YES;
				CLANG_ANALYZER_NONNULL = YES;
				CLANG_ANALYZER_NUMBER_OBJECT_CONVERSION = YES_AGGRESSIVE;
				CLANG_CXX_LANGUAGE_STANDARD = "gnu++20";
				CLANG_ENABLE_MODULES = YES;
				CLANG_ENABLE_OBJC_ARC = YES;
				CLANG_ENABLE_OBJC_WEAK = YES;
				CLANG_WARN_BLOCK_CAPTURE_AUTORELEASING = YES;
				CLANG_WARN_BOOL_CONVERSION = YES;
				CLANG_WARN_COMMA = YES;
				CLANG_WARN_CONSTANT_CONVERSION = YES;
				CLANG_WARN_DEPRECATED_OBJC_IMPLEMENTATIONS = YES;
				CLANG_WARN_DIRECT_OBJC_ISA_USAGE = YES_ERROR;
				CLANG_WARN_DOCUMENTATION_COMMENTS = YES;
				CLANG_WARN_EMPTY_BODY = YES;
				CLANG_WARN_ENUM_CONVERSION = YES;
				CLANG_WARN_INFINITE_RECURSION = YES;
				CLANG_WARN_INT_CONVERSION = YES;
				CLANG_WARN_NON_LITERAL_NULL_CONVERSION = YES;
				CLANG_WARN_OBJC_IMPLICIT_RETAIN_SELF = YES;
				CLANG_WARN_OBJC_LITERAL_CONVERSION = YES;
				CLANG_WARN_OBJC_ROOT_CLASS = YES_ERROR;
				CLANG_WARN_QUOTED_INCLUDE_IN_FRAMEWORK_HEADER = YES;
				CLANG_WARN_RANGE_LOOP_ANALYSIS = YES;
				CLANG_WARN_STRICT_PROTOTYPES = YES;
				CLANG_WARN_SUSPICIOUS_MOVE = YES;
				CLANG_WARN_UNGUARDED_AVAILABILITY = YES_AGGRESSIVE;
				CLANG_WARN_UNREACHABLE_CODE = YES;
				CLANG_WARN__DUPLICATE_METHOD_MATCH = YES;
				COPY_PHASE_STRIP = NO;
				DEBUG_INFORMATION_FORMAT = dwarf;
				ENABLE_STRICT_OBJC_MSGSEND = YES;
				ENABLE_TESTABILITY = YES;
				ENABLE_USER_SCRIPT_SANDBOXING = YES;
				GCC_C_LANGUAGE_STANDARD = gnu17;
				GCC_DYNAMIC_NO_PIC = NO;
				GCC_NO_COMMON_BLOCKS = YES;
				GCC_OPTIMIZATION_LEVEL = 0;
				GCC_PREPROCESSOR_DEFINITIONS = (
					"DEBUG=1",
					"$(inherited)",
				);
				GCC_WARN_64_TO_32_BIT_CONVERSION = YES;
				GCC_WARN_ABOUT_RETURN_TYPE = YES_ERROR;
				GCC_WARN_UNDECLARED_SELECTOR = YES;
				GCC_WARN_UNINITIALIZED_AUTOS = YES_AGGRESSIVE;
				GCC_WARN_UNUSED_FUNCTION = YES;
				GCC_WARN_UNUSED_VARIABLE = YES;
				IPHONEOS_DEPLOYMENT_TARGET = 17.5;
				LOCALIZATION_PREFERS_STRING_CATALOGS = YES;
				MTL_ENABLE_DEBUG_INFO = INCLUDE_SOURCE;
				MTL_FAST_MATH = YES;
				ONLY_ACTIVE_ARCH = YES;
				SDKROOT = iphoneos;
				SWIFT_ACTIVE_COMPILATION_CONDITIONS = "DEBUG $(inherited)";
				SWIFT_OPTIMIZATION_LEVEL = "-Onone";
			};
			name = Debug;
		};
		B156602D2C10AAC800EC1A4A /* Release */ = {
			isa = XCBuildConfiguration;
			buildSettings = {
				ALWAYS_SEARCH_USER_PATHS = NO;
				ASSETCATALOG_COMPILER_GENERATE_SWIFT_ASSET_SYMBOL_EXTENSIONS = YES;
				CLANG_ANALYZER_NONNULL = YES;
				CLANG_ANALYZER_NUMBER_OBJECT_CONVERSION = YES_AGGRESSIVE;
				CLANG_CXX_LANGUAGE_STANDARD = "gnu++20";
				CLANG_ENABLE_MODULES = YES;
				CLANG_ENABLE_OBJC_ARC = YES;
				CLANG_ENABLE_OBJC_WEAK = YES;
				CLANG_WARN_BLOCK_CAPTURE_AUTORELEASING = YES;
				CLANG_WARN_BOOL_CONVERSION = YES;
				CLANG_WARN_COMMA = YES;
				CLANG_WARN_CONSTANT_CONVERSION = YES;
				CLANG_WARN_DEPRECATED_OBJC_IMPLEMENTATIONS = YES;
				CLANG_WARN_DIRECT_OBJC_ISA_USAGE = YES_ERROR;
				CLANG_WARN_DOCUMENTATION_COMMENTS = YES;
				CLANG_WARN_EMPTY_BODY = YES;
				CLANG_WARN_ENUM_CONVERSION = YES;
				CLANG_WARN_INFINITE_RECURSION = YES;
				CLANG_WARN_INT_CONVERSION = YES;
				CLANG_WARN_NON_LITERAL_NULL_CONVERSION = YES;
				CLANG_WARN_OBJC_IMPLICIT_RETAIN_SELF = YES;
				CLANG_WARN_OBJC_LITERAL_CONVERSION = YES;
				CLANG_WARN_OBJC_ROOT_CLASS = YES_ERROR;
				CLANG_WARN_QUOTED_INCLUDE_IN_FRAMEWORK_HEADER = YES;
				CLANG_WARN_RANGE_LOOP_ANALYSIS = YES;
				CLANG_WARN_STRICT_PROTOTYPES = YES;
				CLANG_WARN_SUSPICIOUS_MOVE = YES;
				CLANG_WARN_UNGUARDED_AVAILABILITY = YES_AGGRESSIVE;
				CLANG_WARN_UNREACHABLE_CODE = YES;
				CLANG_WARN__DUPLICATE_METHOD_MATCH = YES;
				COPY_PHASE_STRIP = NO;
				DEBUG_INFORMATION_FORMAT = "dwarf-with-dsym";
				ENABLE_NS_ASSERTIONS = NO;
				ENABLE_STRICT_OBJC_MSGSEND = YES;
				ENABLE_USER_SCRIPT_SANDBOXING = YES;
				GCC_C_LANGUAGE_STANDARD = gnu17;
				GCC_NO_COMMON_BLOCKS = YES;
				GCC_WARN_64_TO_32_BIT_CONVERSION = YES;
				GCC_WARN_ABOUT_RETURN_TYPE = YES_ERROR;
				GCC_WARN_UNDECLARED_SELECTOR = YES;
				GCC_WARN_UNINITIALIZED_AUTOS = YES_AGGRESSIVE;
				GCC_WARN_UNUSED_FUNCTION = YES;
				GCC_WARN_UNUSED_VARIABLE = YES;
				IPHONEOS_DEPLOYMENT_TARGET = 17.5;
				LOCALIZATION_PREFERS_STRING_CATALOGS = YES;
				MTL_ENABLE_DEBUG_INFO = NO;
				MTL_FAST_MATH = YES;
				SDKROOT = iphoneos;
				SWIFT_COMPILATION_MODE = wholemodule;
				VALIDATE_PRODUCT = YES;
			};
			name = Release;
		};
		B156602F2C10AAC800EC1A4A /* Debug */ = {
			isa = XCBuildConfiguration;
			buildSettings = {
				ASSETCATALOG_COMPILER_APPICON_NAME = AppIcon;
				ASSETCATALOG_COMPILER_GLOBAL_ACCENT_COLOR_NAME = AccentColor;
				CODE_SIGN_ENTITLEMENTS = Projissen_last/Projissen_lastDebug.entitlements;
				CODE_SIGN_STYLE = Automatic;
				CURRENT_PROJECT_VERSION = 1;
				DEVELOPMENT_ASSET_PATHS = "\"Projissen_last/Preview Content\"";
				DEVELOPMENT_TEAM = DBQLS32MZV;
				ENABLE_PREVIEWS = YES;
				GENERATE_INFOPLIST_FILE = YES;
				INFOPLIST_KEY_UIApplicationSceneManifest_Generation = YES;
				INFOPLIST_KEY_UIApplicationSupportsIndirectInputEvents = YES;
				INFOPLIST_KEY_UILaunchScreen_Generation = YES;
				INFOPLIST_KEY_UISupportedInterfaceOrientations_iPad = "UIInterfaceOrientationPortrait UIInterfaceOrientationPortraitUpsideDown UIInterfaceOrientationLandscapeLeft UIInterfaceOrientationLandscapeRight";
				INFOPLIST_KEY_UISupportedInterfaceOrientations_iPhone = "UIInterfaceOrientationPortrait UIInterfaceOrientationLandscapeLeft UIInterfaceOrientationLandscapeRight";
				IPHONEOS_DEPLOYMENT_TARGET = 17.4;
				LD_RUNPATH_SEARCH_PATHS = (
					"$(inherited)",
					"@executable_path/Frameworks",
				);
				MARKETING_VERSION = 1.0;
				PRODUCT_BUNDLE_IDENTIFIER = "com.Kensei.Projissen-last";
				PRODUCT_NAME = "$(TARGET_NAME)";
				SWIFT_EMIT_LOC_STRINGS = YES;
				SWIFT_VERSION = 5.0;
				TARGETED_DEVICE_FAMILY = "1,2";
			};
			name = Debug;
		};
		B15660302C10AAC800EC1A4A /* Release */ = {
			isa = XCBuildConfiguration;
			buildSettings = {
				ASSETCATALOG_COMPILER_APPICON_NAME = AppIcon;
				ASSETCATALOG_COMPILER_GLOBAL_ACCENT_COLOR_NAME = AccentColor;
				CODE_SIGN_STYLE = Automatic;
				CURRENT_PROJECT_VERSION = 1;
				DEVELOPMENT_ASSET_PATHS = "\"Projissen_last/Preview Content\"";
				DEVELOPMENT_TEAM = DBQLS32MZV;
				ENABLE_PREVIEWS = YES;
				GENERATE_INFOPLIST_FILE = YES;
				INFOPLIST_KEY_UIApplicationSceneManifest_Generation = YES;
				INFOPLIST_KEY_UIApplicationSupportsIndirectInputEvents = YES;
				INFOPLIST_KEY_UILaunchScreen_Generation = YES;
				INFOPLIST_KEY_UISupportedInterfaceOrientations_iPad = "UIInterfaceOrientationPortrait UIInterfaceOrientationPortraitUpsideDown UIInterfaceOrientationLandscapeLeft UIInterfaceOrientationLandscapeRight";
				INFOPLIST_KEY_UISupportedInterfaceOrientations_iPhone = "UIInterfaceOrientationPortrait UIInterfaceOrientationLandscapeLeft UIInterfaceOrientationLandscapeRight";
				IPHONEOS_DEPLOYMENT_TARGET = 17.4;
				LD_RUNPATH_SEARCH_PATHS = (
					"$(inherited)",
					"@executable_path/Frameworks",
				);
				MARKETING_VERSION = 1.0;
				PRODUCT_BUNDLE_IDENTIFIER = "com.Kensei.Projissen-last";
				PRODUCT_NAME = "$(TARGET_NAME)";
				SWIFT_EMIT_LOC_STRINGS = YES;
				SWIFT_VERSION = 5.0;
				TARGETED_DEVICE_FAMILY = "1,2";
			};
			name = Release;
		};
/* End XCBuildConfiguration section */

/* Begin XCConfigurationList section */
		B156601B2C10AAC100EC1A4A /* Build configuration list for PBXProject "TraveLink" */ = {
			isa = XCConfigurationList;
			buildConfigurations = (
				B156602C2C10AAC800EC1A4A /* Debug */,
				B156602D2C10AAC800EC1A4A /* Release */,
			);
			defaultConfigurationIsVisible = 0;
			defaultConfigurationName = Release;
		};
		B156602E2C10AAC800EC1A4A /* Build configuration list for PBXNativeTarget "Projissen_last" */ = {
			isa = XCConfigurationList;
			buildConfigurations = (
				B156602F2C10AAC800EC1A4A /* Debug */,
				B15660302C10AAC800EC1A4A /* Release */,
			);
			defaultConfigurationIsVisible = 0;
			defaultConfigurationName = Release;
		};
/* End XCConfigurationList section */

/* Begin XCRemoteSwiftPackageReference section */
		B15660372C1608DD00EC1A4A /* XCRemoteSwiftPackageReference "firebase-ios-sdk" */ = {
			isa = XCRemoteSwiftPackageReference;
			repositoryURL = "https://github.com/firebase/firebase-ios-sdk";
			requirement = {
				kind = upToNextMajorVersion;
				minimumVersion = 10.27.0;
			};
		};
/* End XCRemoteSwiftPackageReference section */

/* Begin XCSwiftPackageProductDependency section */
		B15660382C1608DE00EC1A4A /* FirebaseAnalytics */ = {
			isa = XCSwiftPackageProductDependency;
			package = B15660372C1608DD00EC1A4A /* XCRemoteSwiftPackageReference "firebase-ios-sdk" */;
			productName = FirebaseAnalytics;
		};
		B156603A2C1608DE00EC1A4A /* FirebaseAnalyticsOnDeviceConversion */ = {
			isa = XCSwiftPackageProductDependency;
			package = B15660372C1608DD00EC1A4A /* XCRemoteSwiftPackageReference "firebase-ios-sdk" */;
			productName = FirebaseAnalyticsOnDeviceConversion;
		};
		B156603C2C1608DE00EC1A4A /* FirebaseAnalyticsSwift */ = {
			isa = XCSwiftPackageProductDependency;
			package = B15660372C1608DD00EC1A4A /* XCRemoteSwiftPackageReference "firebase-ios-sdk" */;
			productName = FirebaseAnalyticsSwift;
		};
		B156603E2C1608DE00EC1A4A /* FirebaseAnalyticsWithoutAdIdSupport */ = {
			isa = XCSwiftPackageProductDependency;
			package = B15660372C1608DD00EC1A4A /* XCRemoteSwiftPackageReference "firebase-ios-sdk" */;
			productName = FirebaseAnalyticsWithoutAdIdSupport;
		};
		B15660402C1608DE00EC1A4A /* FirebaseAppCheck */ = {
			isa = XCSwiftPackageProductDependency;
			package = B15660372C1608DD00EC1A4A /* XCRemoteSwiftPackageReference "firebase-ios-sdk" */;
			productName = FirebaseAppCheck;
		};
		B15660422C1608DE00EC1A4A /* FirebaseAppDistribution-Beta */ = {
			isa = XCSwiftPackageProductDependency;
			package = B15660372C1608DD00EC1A4A /* XCRemoteSwiftPackageReference "firebase-ios-sdk" */;
			productName = "FirebaseAppDistribution-Beta";
		};
		B15660442C1608DE00EC1A4A /* FirebaseAuth */ = {
			isa = XCSwiftPackageProductDependency;
			package = B15660372C1608DD00EC1A4A /* XCRemoteSwiftPackageReference "firebase-ios-sdk" */;
			productName = FirebaseAuth;
		};
		B15660462C1608DE00EC1A4A /* FirebaseAuthCombine-Community */ = {
			isa = XCSwiftPackageProductDependency;
			package = B15660372C1608DD00EC1A4A /* XCRemoteSwiftPackageReference "firebase-ios-sdk" */;
			productName = "FirebaseAuthCombine-Community";
		};
		B15660482C1608DE00EC1A4A /* FirebaseCrashlytics */ = {
			isa = XCSwiftPackageProductDependency;
			package = B15660372C1608DD00EC1A4A /* XCRemoteSwiftPackageReference "firebase-ios-sdk" */;
			productName = FirebaseCrashlytics;
		};
		B156604A2C1608DE00EC1A4A /* FirebaseDatabase */ = {
			isa = XCSwiftPackageProductDependency;
			package = B15660372C1608DD00EC1A4A /* XCRemoteSwiftPackageReference "firebase-ios-sdk" */;
			productName = FirebaseDatabase;
		};
		B156604C2C1608DE00EC1A4A /* FirebaseDatabaseSwift */ = {
			isa = XCSwiftPackageProductDependency;
			package = B15660372C1608DD00EC1A4A /* XCRemoteSwiftPackageReference "firebase-ios-sdk" */;
			productName = FirebaseDatabaseSwift;
		};
		B156604E2C1608DE00EC1A4A /* FirebaseDynamicLinks */ = {
			isa = XCSwiftPackageProductDependency;
			package = B15660372C1608DD00EC1A4A /* XCRemoteSwiftPackageReference "firebase-ios-sdk" */;
			productName = FirebaseDynamicLinks;
		};
		B15660502C1608DE00EC1A4A /* FirebaseFirestore */ = {
			isa = XCSwiftPackageProductDependency;
			package = B15660372C1608DD00EC1A4A /* XCRemoteSwiftPackageReference "firebase-ios-sdk" */;
			productName = FirebaseFirestore;
		};
		B15660522C1608DE00EC1A4A /* FirebaseFirestoreCombine-Community */ = {
			isa = XCSwiftPackageProductDependency;
			package = B15660372C1608DD00EC1A4A /* XCRemoteSwiftPackageReference "firebase-ios-sdk" */;
			productName = "FirebaseFirestoreCombine-Community";
		};
		B15660542C1608DE00EC1A4A /* FirebaseFirestoreSwift */ = {
			isa = XCSwiftPackageProductDependency;
			package = B15660372C1608DD00EC1A4A /* XCRemoteSwiftPackageReference "firebase-ios-sdk" */;
			productName = FirebaseFirestoreSwift;
		};
		B15660562C1608DE00EC1A4A /* FirebaseFunctions */ = {
			isa = XCSwiftPackageProductDependency;
			package = B15660372C1608DD00EC1A4A /* XCRemoteSwiftPackageReference "firebase-ios-sdk" */;
			productName = FirebaseFunctions;
		};
		B15660582C1608DE00EC1A4A /* FirebaseFunctionsCombine-Community */ = {
			isa = XCSwiftPackageProductDependency;
			package = B15660372C1608DD00EC1A4A /* XCRemoteSwiftPackageReference "firebase-ios-sdk" */;
			productName = "FirebaseFunctionsCombine-Community";
		};
		B156605A2C1608DE00EC1A4A /* FirebaseInAppMessaging-Beta */ = {
			isa = XCSwiftPackageProductDependency;
			package = B15660372C1608DD00EC1A4A /* XCRemoteSwiftPackageReference "firebase-ios-sdk" */;
			productName = "FirebaseInAppMessaging-Beta";
		};
		B156605C2C1608DE00EC1A4A /* FirebaseInAppMessagingSwift-Beta */ = {
			isa = XCSwiftPackageProductDependency;
			package = B15660372C1608DD00EC1A4A /* XCRemoteSwiftPackageReference "firebase-ios-sdk" */;
			productName = "FirebaseInAppMessagingSwift-Beta";
		};
		B156605E2C1608DE00EC1A4A /* FirebaseInstallations */ = {
			isa = XCSwiftPackageProductDependency;
			package = B15660372C1608DD00EC1A4A /* XCRemoteSwiftPackageReference "firebase-ios-sdk" */;
			productName = FirebaseInstallations;
		};
		B15660602C1608DE00EC1A4A /* FirebaseMLModelDownloader */ = {
			isa = XCSwiftPackageProductDependency;
			package = B15660372C1608DD00EC1A4A /* XCRemoteSwiftPackageReference "firebase-ios-sdk" */;
			productName = FirebaseMLModelDownloader;
		};
		B15660622C1608DE00EC1A4A /* FirebaseMessaging */ = {
			isa = XCSwiftPackageProductDependency;
			package = B15660372C1608DD00EC1A4A /* XCRemoteSwiftPackageReference "firebase-ios-sdk" */;
			productName = FirebaseMessaging;
		};
		B15660642C1608DE00EC1A4A /* FirebasePerformance */ = {
			isa = XCSwiftPackageProductDependency;
			package = B15660372C1608DD00EC1A4A /* XCRemoteSwiftPackageReference "firebase-ios-sdk" */;
			productName = FirebasePerformance;
		};
		B15660662C1608DE00EC1A4A /* FirebaseRemoteConfig */ = {
			isa = XCSwiftPackageProductDependency;
			package = B15660372C1608DD00EC1A4A /* XCRemoteSwiftPackageReference "firebase-ios-sdk" */;
			productName = FirebaseRemoteConfig;
		};
		B15660682C1608DE00EC1A4A /* FirebaseRemoteConfigSwift */ = {
			isa = XCSwiftPackageProductDependency;
			package = B15660372C1608DD00EC1A4A /* XCRemoteSwiftPackageReference "firebase-ios-sdk" */;
			productName = FirebaseRemoteConfigSwift;
		};
		B156606A2C1608DE00EC1A4A /* FirebaseStorage */ = {
			isa = XCSwiftPackageProductDependency;
			package = B15660372C1608DD00EC1A4A /* XCRemoteSwiftPackageReference "firebase-ios-sdk" */;
			productName = FirebaseStorage;
		};
		B156606C2C1608DE00EC1A4A /* FirebaseStorageCombine-Community */ = {
			isa = XCSwiftPackageProductDependency;
			package = B15660372C1608DD00EC1A4A /* XCRemoteSwiftPackageReference "firebase-ios-sdk" */;
			productName = "FirebaseStorageCombine-Community";
		};
		B156606E2C1608DE00EC1A4A /* FirebaseVertexAI-Preview */ = {
			isa = XCSwiftPackageProductDependency;
			package = B15660372C1608DD00EC1A4A /* XCRemoteSwiftPackageReference "firebase-ios-sdk" */;
			productName = "FirebaseVertexAI-Preview";
		};
/* End XCSwiftPackageProductDependency section */
	};
	rootObject = B15660182C10AAC100EC1A4A /* Project object */;
}
